{
  "lockfileVersion": 1,
  "workspaces": {
    "": {
      "name": "climate-rag",
      "dependencies": {
        "@picocss/pico": "^2.0.6",
        "dompurify": "^3.0.8",
        "htmx.org": "^1.9.10",
        "katex": "^0.16.9",
        "marked": "^15.0.4",
        "marked-katex-extension": "^5.1.4",
      },
    },
  },
  "packages": {
    "@picocss/pico": ["@picocss/pico@2.1.1", "", {}, "sha512-kIDugA7Ps4U+2BHxiNHmvgPIQDWPDU4IeU6TNRdvXQM1uZX+FibqDQT2xUOnnO2yq/LUHcwnGlu1hvf4KfXnMg=="],

    "@types/trusted-types": ["@types/trusted-types@2.0.7", "", {}, "sha512-ScaPdn1dQczgbl0QFTeTOmVHFULt394XJgOQNoyVhZ6r2vLnMLJfBPd53SB52T/3G36VI1/g2MZaX0cwDuXsfw=="],

    "commander": ["commander@8.3.0", "", {}, "sha512-OkTL9umf+He2DZkUq8f8J9of7yL6RJKI24dVITBmNfZBmri9zYZQrKkuXiKhyfPSu8tUhnVBB1iKXevvnlR4Ww=="],

    "dompurify": ["dompurify@3.2.5", "", { "optionalDependencies": { "@types/trusted-types": "^2.0.7" } }, "sha512-mLPd29uoRe9HpvwP2TxClGQBzGXeEC/we/q+bFlmPPmj2p2Ugl3r6ATu/UU1v77DXNcehiBg9zsr1dREyA/dJQ=="],

    "htmx.org": ["htmx.org@1.9.12", "", {}, "sha512-VZAohXyF7xPGS52IM8d1T1283y+X4D+Owf3qY1NZ9RuBypyu9l8cGsxUMAG5fEAb/DhT7rDoJ9Hpu5/HxFD3cw=="],

    "katex": ["katex@0.16.22", "", { "dependencies": { "commander": "^8.3.0" }, "bin": { "katex": "cli.js" } }, "sha512-XCHRdUw4lf3SKBaJe4EvgqIuWwkPSo9XoeO8GjQW94Bp7TWv9hNhzZjZ+OH9yf1UmLygb7DIT5GSFQiyt16zYg=="],

    "marked": ["marked@15.0.11", "", { "bin": { "marked": "bin/marked.js" } }, "sha512-1BEXAU2euRCG3xwgLVT1y0xbJEld1XOrmRJpUwRCcy7rxhSCwMrmEu9LXoPhHSCJG41V7YcQ2mjKRr5BA3ITIA=="],

    "marked-katex-extension": ["marked-katex-extension@5.1.4", "", { "peerDependencies": { "katex": ">=0.16 <0.17", "marked": ">=4 <16" } }, "sha512-GQOio4vCp0laxB1IY+2oNVo5nbn82yWMDP/jILRYHmyu2WXMVlXCB+krq2/U2fQn+V9j8aqDmnNdrsgqG2AkGQ=="],
  }
}
